
Microsoft Visual Studio Solution File, Format Version 12.00
# Visual Studio 15
VisualStudioVersion = 15.0.28307.705
MinimumVisualStudioVersion = 10.0.40219.1
Project("{FAE04EC0-301F-11D3-BF4B-00C04F79EFBC}") = "App02.Android", "App02\App02.Android\App02.Android.csproj", "{5666B1C7-1AA1-4A5F-A812-8761813DB12C}"
EndProject
Project("{FAE04EC0-301F-11D3-BF4B-00C04F79EFBC}") = "App02.iOS", "App02\App02.iOS\App02.iOS.csproj", "{5151015E-5295-4792-A835-01478355290E}"
EndProject
Project("{FAE04EC0-301F-11D3-BF4B-00C04F79EFBC}") = "App02.UWP", "App02\App02.UWP\App02.UWP.csproj", "{2EE8721A-C6AC-47E3-834B-970B26A374AA}"
EndProject
Project("{FAE04EC0-301F-11D3-BF4B-00C04F79EFBC}") = "App02", "App02\App02\App02.csproj", "{07DC9509-EB38-4F9D-8ED1-3D874BBCB365}"
EndProject
Global
	GlobalSection(SolutionConfigurationPlatforms) = preSolution
		Ad-Hoc|Any CPU = Ad-Hoc|Any CPU
		Ad-Hoc|ARM = Ad-Hoc|ARM
		Ad-Hoc|iPhone = Ad-Hoc|iPhone
		Ad-Hoc|iPhoneSimulator = Ad-Hoc|iPhoneSimulator
		Ad-Hoc|x64 = Ad-Hoc|x64
		Ad-Hoc|x86 = Ad-Hoc|x86
		AppStore|Any CPU = AppStore|Any CPU
		AppStore|ARM = AppStore|ARM
		AppStore|iPhone = AppStore|iPhone
		AppStore|iPhoneSimulator = AppStore|iPhoneSimulator
		AppStore|x64 = AppStore|x64
		AppStore|x86 = AppStore|x86
		Debug|Any CPU = Debug|Any CPU
		Debug|ARM = Debug|ARM
		Debug|iPhone = Debug|iPhone
		Debug|iPhoneSimulator = Debug|iPhoneSimulator
		Debug|x64 = Debug|x64
		Debug|x86 = Debug|x86
		Release|Any CPU = Release|Any CPU
		Release|ARM = Release|ARM
		Release|iPhone = Release|iPhone
		Release|iPhoneSimulator = Release|iPhoneSimulator
		Release|x64 = Release|x64
		Release|x86 = Release|x86
	EndGlobalSection
	GlobalSection(ProjectConfigurationPlatforms) = postSolution
		{5666B1C7-1AA1-4A5F-A812-8761813DB12C}.Ad-Hoc|Any CPU.ActiveCfg = Release|Any CPU
		{5666B1C7-1AA1-4A5F-A812-8761813DB12C}.Ad-Hoc|Any CPU.Build.0 = Release|Any CPU
		{5666B1C7-1AA1-4A5F-A812-8761813DB12C}.Ad-Hoc|Any CPU.Deploy.0 = Release|Any CPU
		{5666B1C7-1AA1-4A5F-A812-8761813DB12C}.Ad-Hoc|ARM.ActiveCfg = Release|Any CPU
		{5666B1C7-1AA1-4A5F-A812-8761813DB12C}.Ad-Hoc|ARM.Build.0 = Release|Any CPU
		{5666B1C7-1AA1-4A5F-A812-8761813DB12C}.Ad-Hoc|ARM.Deploy.0 = Release|Any CPU
		{5666B1C7-1AA1-4A5F-A812-8761813DB12C}.Ad-Hoc|iPhone.ActiveCfg = Release|Any CPU
		{5666B1C7-1AA1-4A5F-A812-8761813DB12C}.Ad-Hoc|iPhone.Build.0 = Release|Any CPU
		{5666B1C7-1AA1-4A5F-A812-8761813DB12C}.Ad-Hoc|iPhone.Deploy.0 = Release|Any CPU
		{5666B1C7-1AA1-4A5F-A812-8761813DB12C}.Ad-Hoc|iPhoneSimulator.ActiveCfg = Release|Any CPU
		{5666B1C7-1AA1-4A5F-A812-8761813DB12C}.Ad-Hoc|iPhoneSimulator.Build.0 = Release|Any CPU
		{5666B1C7-1AA1-4A5F-A812-8761813DB12C}.Ad-Hoc|iPhoneSimulator.Deploy.0 = Release|Any CPU
		{5666B1C7-1AA1-4A5F-A812-8761813DB12C}.Ad-Hoc|x64.ActiveCfg = Release|Any CPU
		{5666B1C7-1AA1-4A5F-A812-8761813DB12C}.Ad-Hoc|x64.Build.0 = Release|Any CPU
		{5666B1C7-1AA1-4A5F-A812-8761813DB12C}.Ad-Hoc|x64.Deploy.0 = Release|Any CPU
		{5666B1C7-1AA1-4A5F-A812-8761813DB12C}.Ad-Hoc|x86.ActiveCfg = Release|Any CPU
		{5666B1C7-1AA1-4A5F-A812-8761813DB12C}.Ad-Hoc|x86.Build.0 = Release|Any CPU
		{5666B1C7-1AA1-4A5F-A812-8761813DB12C}.Ad-Hoc|x86.Deploy.0 = Release|Any CPU
		{5666B1C7-1AA1-4A5F-A812-8761813DB12C}.AppStore|Any CPU.ActiveCfg = Release|Any CPU
		{5666B1C7-1AA1-4A5F-A812-8761813DB12C}.AppStore|Any CPU.Build.0 = Release|Any CPU
		{5666B1C7-1AA1-4A5F-A812-8761813DB12C}.AppStore|Any CPU.Deploy.0 = Release|Any CPU
		{5666B1C7-1AA1-4A5F-A812-8761813DB12C}.AppStore|ARM.ActiveCfg = Release|Any CPU
		{5666B1C7-1AA1-4A5F-A812-8761813DB12C}.AppStore|ARM.Build.0 = Release|Any CPU
		{5666B1C7-1AA1-4A5F-A812-8761813DB12C}.AppStore|ARM.Deploy.0 = Release|Any CPU
		{5666B1C7-1AA1-4A5F-A812-8761813DB12C}.AppStore|iPhone.ActiveCfg = Release|Any CPU
		{5666B1C7-1AA1-4A5F-A812-8761813DB12C}.AppStore|iPhone.Build.0 = Release|Any CPU
		{5666B1C7-1AA1-4A5F-A812-8761813DB12C}.AppStore|iPhone.Deploy.0 = Release|Any CPU
		{5666B1C7-1AA1-4A5F-A812-8761813DB12C}.AppStore|iPhoneSimulator.ActiveCfg = Release|Any CPU
		{5666B1C7-1AA1-4A5F-A812-8761813DB12C}.AppStore|iPhoneSimulator.Build.0 = Release|Any CPU
		{5666B1C7-1AA1-4A5F-A812-8761813DB12C}.AppStore|iPhoneSimulator.Deploy.0 = Release|Any CPU
		{5666B1C7-1AA1-4A5F-A812-8761813DB12C}.AppStore|x64.ActiveCfg = Release|Any CPU
		{5666B1C7-1AA1-4A5F-A812-8761813DB12C}.AppStore|x64.Build.0 = Release|Any CPU
		{5666B1C7-1AA1-4A5F-A812-8761813DB12C}.AppStore|x64.Deploy.0 = Release|Any CPU
		{5666B1C7-1AA1-4A5F-A812-8761813DB12C}.AppStore|x86.ActiveCfg = Release|Any CPU
		{5666B1C7-1AA1-4A5F-A812-8761813DB12C}.AppStore|x86.Build.0 = Release|Any CPU
		{5666B1C7-1AA1-4A5F-A812-8761813DB12C}.AppStore|x86.Deploy.0 = Release|Any CPU
		{5666B1C7-1AA1-4A5F-A812-8761813DB12C}.Debug|Any CPU.ActiveCfg = Debug|Any CPU
		{5666B1C7-1AA1-4A5F-A812-8761813DB12C}.Debug|Any CPU.Build.0 = Debug|Any CPU
		{5666B1C7-1AA1-4A5F-A812-8761813DB12C}.Debug|Any CPU.Deploy.0 = Debug|Any CPU
		{5666B1C7-1AA1-4A5F-A812-8761813DB12C}.Debug|ARM.ActiveCfg = Debug|Any CPU
		{5666B1C7-1AA1-4A5F-A812-8761813DB12C}.Debug|ARM.Build.0 = Debug|Any CPU
		{5666B1C7-1AA1-4A5F-A812-8761813DB12C}.Debug|ARM.Deploy.0 = Debug|Any CPU
		{5666B1C7-1AA1-4A5F-A812-8761813DB12C}.Debug|iPhone.ActiveCfg = Debug|Any CPU
		{5666B1C7-1AA1-4A5F-A812-8761813DB12C}.Debug|iPhone.Build.0 = Debug|Any CPU
		{5666B1C7-1AA1-4A5F-A812-8761813DB12C}.Debug|iPhone.Deploy.0 = Debug|Any CPU
		{5666B1C7-1AA1-4A5F-A812-8761813DB12C}.Debug|iPhoneSimulator.ActiveCfg = Debug|Any CPU
		{5666B1C7-1AA1-4A5F-A812-8761813DB12C}.Debug|iPhoneSimulator.Build.0 = Debug|Any CPU
		{5666B1C7-1AA1-4A5F-A812-8761813DB12C}.Debug|iPhoneSimulator.Deploy.0 = Debug|Any CPU
		{5666B1C7-1AA1-4A5F-A812-8761813DB12C}.Debug|x64.ActiveCfg = Debug|Any CPU
		{5666B1C7-1AA1-4A5F-A812-8761813DB12C}.Debug|x64.Build.0 = Debug|Any CPU
		{5666B1C7-1AA1-4A5F-A812-8761813DB12C}.Debug|x64.Deploy.0 = Debug|Any CPU
		{5666B1C7-1AA1-4A5F-A812-8761813DB12C}.Debug|x86.ActiveCfg = Debug|Any CPU
		{5666B1C7-1AA1-4A5F-A812-8761813DB12C}.Debug|x86.Build.0 = Debug|Any CPU
		{5666B1C7-1AA1-4A5F-A812-8761813DB12C}.Debug|x86.Deploy.0 = Debug|Any CPU
		{5666B1C7-1AA1-4A5F-A812-8761813DB12C}.Release|Any CPU.ActiveCfg = Release|Any CPU
		{5666B1C7-1AA1-4A5F-A812-8761813DB12C}.Release|Any CPU.Build.0 = Release|Any CPU
		{5666B1C7-1AA1-4A5F-A812-8761813DB12C}.Release|Any CPU.Deploy.0 = Release|Any CPU
		{5666B1C7-1AA1-4A5F-A812-8761813DB12C}.Release|ARM.ActiveCfg = Release|Any CPU
		{5666B1C7-1AA1-4A5F-A812-8761813DB12C}.Release|ARM.Build.0 = Release|Any CPU
		{5666B1C7-1AA1-4A5F-A812-8761813DB12C}.Release|ARM.Deploy.0 = Release|Any CPU
		{5666B1C7-1AA1-4A5F-A812-8761813DB12C}.Release|iPhone.ActiveCfg = Release|Any CPU
		{5666B1C7-1AA1-4A5F-A812-8761813DB12C}.Release|iPhone.Build.0 = Release|Any CPU
		{5666B1C7-1AA1-4A5F-A812-8761813DB12C}.Release|iPhone.Deploy.0 = Release|Any CPU
		{5666B1C7-1AA1-4A5F-A812-8761813DB12C}.Release|iPhoneSimulator.ActiveCfg = Release|Any CPU
		{5666B1C7-1AA1-4A5F-A812-8761813DB12C}.Release|iPhoneSimulator.Build.0 = Release|Any CPU
		{5666B1C7-1AA1-4A5F-A812-8761813DB12C}.Release|iPhoneSimulator.Deploy.0 = Release|Any CPU
		{5666B1C7-1AA1-4A5F-A812-8761813DB12C}.Release|x64.ActiveCfg = Release|Any CPU
		{5666B1C7-1AA1-4A5F-A812-8761813DB12C}.Release|x64.Build.0 = Release|Any CPU
		{5666B1C7-1AA1-4A5F-A812-8761813DB12C}.Release|x64.Deploy.0 = Release|Any CPU
		{5666B1C7-1AA1-4A5F-A812-8761813DB12C}.Release|x86.ActiveCfg = Release|Any CPU
		{5666B1C7-1AA1-4A5F-A812-8761813DB12C}.Release|x86.Build.0 = Release|Any CPU
		{5666B1C7-1AA1-4A5F-A812-8761813DB12C}.Release|x86.Deploy.0 = Release|Any CPU
		{5151015E-5295-4792-A835-01478355290E}.Ad-Hoc|Any CPU.ActiveCfg = Ad-Hoc|iPhone
		{5151015E-5295-4792-A835-01478355290E}.Ad-Hoc|Any CPU.Build.0 = Ad-Hoc|iPhone
		{5151015E-5295-4792-A835-01478355290E}.Ad-Hoc|Any CPU.Deploy.0 = Ad-Hoc|iPhone
		{5151015E-5295-4792-A835-01478355290E}.Ad-Hoc|ARM.ActiveCfg = Ad-Hoc|iPhone
		{5151015E-5295-4792-A835-01478355290E}.Ad-Hoc|ARM.Build.0 = Ad-Hoc|iPhone
		{5151015E-5295-4792-A835-01478355290E}.Ad-Hoc|ARM.Deploy.0 = Ad-Hoc|iPhone
		{5151015E-5295-4792-A835-01478355290E}.Ad-Hoc|iPhone.ActiveCfg = Ad-Hoc|iPhone
		{5151015E-5295-4792-A835-01478355290E}.Ad-Hoc|iPhone.Build.0 = Ad-Hoc|iPhone
		{5151015E-5295-4792-A835-01478355290E}.Ad-Hoc|iPhone.Deploy.0 = Ad-Hoc|iPhone
		{5151015E-5295-4792-A835-01478355290E}.Ad-Hoc|iPhoneSimulator.ActiveCfg = Ad-Hoc|iPhoneSimulator
		{5151015E-5295-4792-A835-01478355290E}.Ad-Hoc|iPhoneSimulator.Build.0 = Ad-Hoc|iPhoneSimulator
		{5151015E-5295-4792-A835-01478355290E}.Ad-Hoc|iPhoneSimulator.Deploy.0 = Ad-Hoc|iPhoneSimulator
		{5151015E-5295-4792-A835-01478355290E}.Ad-Hoc|x64.ActiveCfg = Ad-Hoc|iPhone
		{5151015E-5295-4792-A835-01478355290E}.Ad-Hoc|x64.Build.0 = Ad-Hoc|iPhone
		{5151015E-5295-4792-A835-01478355290E}.Ad-Hoc|x64.Deploy.0 = Ad-Hoc|iPhone
		{5151015E-5295-4792-A835-01478355290E}.Ad-Hoc|x86.ActiveCfg = Ad-Hoc|iPhone
		{5151015E-5295-4792-A835-01478355290E}.Ad-Hoc|x86.Build.0 = Ad-Hoc|iPhone
		{5151015E-5295-4792-A835-01478355290E}.Ad-Hoc|x86.Deploy.0 = Ad-Hoc|iPhone
		{5151015E-5295-4792-A835-01478355290E}.AppStore|Any CPU.ActiveCfg = AppStore|iPhone
		{5151015E-5295-4792-A835-01478355290E}.AppStore|Any CPU.Build.0 = AppStore|iPhone
		{5151015E-5295-4792-A835-01478355290E}.AppStore|Any CPU.Deploy.0 = AppStore|iPhone
		{5151015E-5295-4792-A835-01478355290E}.AppStore|ARM.ActiveCfg = AppStore|iPhone
		{5151015E-5295-4792-A835-01478355290E}.AppStore|ARM.Build.0 = AppStore|iPhone
		{5151015E-5295-4792-A835-01478355290E}.AppStore|ARM.Deploy.0 = AppStore|iPhone
		{5151015E-5295-4792-A835-01478355290E}.AppStore|iPhone.ActiveCfg = AppStore|iPhone
		{5151015E-5295-4792-A835-01478355290E}.AppStore|iPhone.Build.0 = AppStore|iPhone
		{5151015E-5295-4792-A835-01478355290E}.AppStore|iPhone.Deploy.0 = AppStore|iPhone
		{5151015E-5295-4792-A835-01478355290E}.AppStore|iPhoneSimulator.ActiveCfg = AppStore|iPhoneSimulator
		{5151015E-5295-4792-A835-01478355290E}.AppStore|iPhoneSimulator.Build.0 = AppStore|iPhoneSimulator
		{5151015E-5295-4792-A835-01478355290E}.AppStore|iPhoneSimulator.Deploy.0 = AppStore|iPhoneSimulator
		{5151015E-5295-4792-A835-01478355290E}.AppStore|x64.ActiveCfg = AppStore|iPhone
		{5151015E-5295-4792-A835-01478355290E}.AppStore|x64.Build.0 = AppStore|iPhone
		{5151015E-5295-4792-A835-01478355290E}.AppStore|x64.Deploy.0 = AppStore|iPhone
		{5151015E-5295-4792-A835-01478355290E}.AppStore|x86.ActiveCfg = AppStore|iPhone
		{5151015E-5295-4792-A835-01478355290E}.AppStore|x86.Build.0 = AppStore|iPhone
		{5151015E-5295-4792-A835-01478355290E}.AppStore|x86.Deploy.0 = AppStore|iPhone
		{5151015E-5295-4792-A835-01478355290E}.Debug|Any CPU.ActiveCfg = Debug|iPhoneSimulator
		{5151015E-5295-4792-A835-01478355290E}.Debug|Any CPU.Build.0 = Debug|iPhoneSimulator
		{5151015E-5295-4792-A835-01478355290E}.Debug|Any CPU.Deploy.0 = Debug|iPhoneSimulator
		{5151015E-5295-4792-A835-01478355290E}.Debug|ARM.ActiveCfg = Debug|iPhone
		{5151015E-5295-4792-A835-01478355290E}.Debug|ARM.Build.0 = Debug|iPhone
		{5151015E-5295-4792-A835-01478355290E}.Debug|ARM.Deploy.0 = Debug|iPhone
		{5151015E-5295-4792-A835-01478355290E}.Debug|iPhone.ActiveCfg = Debug|iPhone
		{5151015E-5295-4792-A835-01478355290E}.Debug|iPhone.Build.0 = Debug|iPhone
		{5151015E-5295-4792-A835-01478355290E}.Debug|iPhone.Deploy.0 = Debug|iPhone
		{5151015E-5295-4792-A835-01478355290E}.Debug|iPhoneSimulator.ActiveCfg = Debug|iPhoneSimulator
		{5151015E-5295-4792-A835-01478355290E}.Debug|iPhoneSimulator.Build.0 = Debug|iPhoneSimulator
		{5151015E-5295-4792-A835-01478355290E}.Debug|iPhoneSimulator.Deploy.0 = Debug|iPhoneSimulator
		{5151015E-5295-4792-A835-01478355290E}.Debug|x64.ActiveCfg = Debug|iPhone
		{5151015E-5295-4792-A835-01478355290E}.Debug|x64.Build.0 = Debug|iPhone
		{5151015E-5295-4792-A835-01478355290E}.Debug|x64.Deploy.0 = Debug|iPhone
		{5151015E-5295-4792-A835-01478355290E}.Debug|x86.ActiveCfg = Debug|iPhone
		{5151015E-5295-4792-A835-01478355290E}.Debug|x86.Build.0 = Debug|iPhone
		{5151015E-5295-4792-A835-01478355290E}.Debug|x86.Deploy.0 = Debug|iPhone
		{5151015E-5295-4792-A835-01478355290E}.Release|Any CPU.ActiveCfg = Release|iPhone
		{5151015E-5295-4792-A835-01478355290E}.Release|Any CPU.Build.0 = Release|iPhone
		{5151015E-5295-4792-A835-01478355290E}.Release|Any CPU.Deploy.0 = Release|iPhone
		{5151015E-5295-4792-A835-01478355290E}.Release|ARM.ActiveCfg = Release|iPhone
		{5151015E-5295-4792-A835-01478355290E}.Release|ARM.Build.0 = Release|iPhone
		{5151015E-5295-4792-A835-01478355290E}.Release|ARM.Deploy.0 = Release|iPhone
		{5151015E-5295-4792-A835-01478355290E}.Release|iPhone.ActiveCfg = Release|iPhone
		{5151015E-5295-4792-A835-01478355290E}.Release|iPhone.Build.0 = Release|iPhone
		{5151015E-5295-4792-A835-01478355290E}.Release|iPhone.Deploy.0 = Release|iPhone
		{5151015E-5295-4792-A835-01478355290E}.Release|iPhoneSimulator.ActiveCfg = Release|iPhoneSimulator
		{5151015E-5295-4792-A835-01478355290E}.Release|iPhoneSimulator.Build.0 = Release|iPhoneSimulator
		{5151015E-5295-4792-A835-01478355290E}.Release|iPhoneSimulator.Deploy.0 = Release|iPhoneSimulator
		{5151015E-5295-4792-A835-01478355290E}.Release|x64.ActiveCfg = Release|iPhone
		{5151015E-5295-4792-A835-01478355290E}.Release|x64.Build.0 = Release|iPhone
		{5151015E-5295-4792-A835-01478355290E}.Release|x64.Deploy.0 = Release|iPhone
		{5151015E-5295-4792-A835-01478355290E}.Release|x86.ActiveCfg = Release|iPhone
		{5151015E-5295-4792-A835-01478355290E}.Release|x86.Build.0 = Release|iPhone
		{5151015E-5295-4792-A835-01478355290E}.Release|x86.Deploy.0 = Release|iPhone
		{2EE8721A-C6AC-47E3-834B-970B26A374AA}.Ad-Hoc|Any CPU.ActiveCfg = Release|x86
		{2EE8721A-C6AC-47E3-834B-970B26A374AA}.Ad-Hoc|Any CPU.Build.0 = Release|x86
		{2EE8721A-C6AC-47E3-834B-970B26A374AA}.Ad-Hoc|Any CPU.Deploy.0 = Release|x86
		{2EE8721A-C6AC-47E3-834B-970B26A374AA}.Ad-Hoc|ARM.ActiveCfg = Release|ARM
		{2EE8721A-C6AC-47E3-834B-970B26A374AA}.Ad-Hoc|ARM.Build.0 = Release|ARM
		{2EE8721A-C6AC-47E3-834B-970B26A374AA}.Ad-Hoc|ARM.Deploy.0 = Release|ARM
		{2EE8721A-C6AC-47E3-834B-970B26A374AA}.Ad-Hoc|iPhone.ActiveCfg = Release|x86
		{2EE8721A-C6AC-47E3-834B-970B26A374AA}.Ad-Hoc|iPhone.Build.0 = Release|x86
		{2EE8721A-C6AC-47E3-834B-970B26A374AA}.Ad-Hoc|iPhone.Deploy.0 = Release|x86
		{2EE8721A-C6AC-47E3-834B-970B26A374AA}.Ad-Hoc|iPhoneSimulator.ActiveCfg = Release|x86
		{2EE8721A-C6AC-47E3-834B-970B26A374AA}.Ad-Hoc|iPhoneSimulator.Build.0 = Release|x86
		{2EE8721A-C6AC-47E3-834B-970B26A374AA}.Ad-Hoc|iPhoneSimulator.Deploy.0 = Release|x86
		{2EE8721A-C6AC-47E3-834B-970B26A374AA}.Ad-Hoc|x64.ActiveCfg = Release|x64
		{2EE8721A-C6AC-47E3-834B-970B26A374AA}.Ad-Hoc|x64.Build.0 = Release|x64
		{2EE8721A-C6AC-47E3-834B-970B26A374AA}.Ad-Hoc|x64.Deploy.0 = Release|x64
		{2EE8721A-C6AC-47E3-834B-970B26A374AA}.Ad-Hoc|x86.ActiveCfg = Release|x86
		{2EE8721A-C6AC-47E3-834B-970B26A374AA}.Ad-Hoc|x86.Build.0 = Release|x86
		{2EE8721A-C6AC-47E3-834B-970B26A374AA}.Ad-Hoc|x86.Deploy.0 = Release|x86
		{2EE8721A-C6AC-47E3-834B-970B26A374AA}.AppStore|Any CPU.ActiveCfg = Release|x86
		{2EE8721A-C6AC-47E3-834B-970B26A374AA}.AppStore|Any CPU.Build.0 = Release|x86
		{2EE8721A-C6AC-47E3-834B-970B26A374AA}.AppStore|Any CPU.Deploy.0 = Release|x86
		{2EE8721A-C6AC-47E3-834B-970B26A374AA}.AppStore|ARM.ActiveCfg = Release|ARM
		{2EE8721A-C6AC-47E3-834B-970B26A374AA}.AppStore|ARM.Build.0 = Release|ARM
		{2EE8721A-C6AC-47E3-834B-970B26A374AA}.AppStore|ARM.Deploy.0 = Release|ARM
		{2EE8721A-C6AC-47E3-834B-970B26A374AA}.AppStore|iPhone.ActiveCfg = Release|x86
		{2EE8721A-C6AC-47E3-834B-970B26A374AA}.AppStore|iPhone.Build.0 = Release|x86
		{2EE8721A-C6AC-47E3-834B-970B26A374AA}.AppStore|iPhone.Deploy.0 = Release|x86
		{2EE8721A-C6AC-47E3-834B-970B26A374AA}.AppStore|iPhoneSimulator.ActiveCfg = Release|x86
		{2EE8721A-C6AC-47E3-834B-970B26A374AA}.AppStore|iPhoneSimulator.Build.0 = Release|x86
		{2EE8721A-C6AC-47E3-834B-970B26A374AA}.AppStore|iPhoneSimulator.Deploy.0 = Release|x86
		{2EE8721A-C6AC-47E3-834B-970B26A374AA}.AppStore|x64.ActiveCfg = Release|x64
		{2EE8721A-C6AC-47E3-834B-970B26A374AA}.AppStore|x64.Build.0 = Release|x64
		{2EE8721A-C6AC-47E3-834B-970B26A374AA}.AppStore|x64.Deploy.0 = Release|x64
		{2EE8721A-C6AC-47E3-834B-970B26A374AA}.AppStore|x86.ActiveCfg = Release|x86
		{2EE8721A-C6AC-47E3-834B-970B26A374AA}.AppStore|x86.Build.0 = Release|x86
		{2EE8721A-C6AC-47E3-834B-970B26A374AA}.AppStore|x86.Deploy.0 = Release|x86
		{2EE8721A-C6AC-47E3-834B-970B26A374AA}.Debug|Any CPU.ActiveCfg = Debug|x86
		{2EE8721A-C6AC-47E3-834B-970B26A374AA}.Debug|Any CPU.Build.0 = Debug|x86
		{2EE8721A-C6AC-47E3-834B-970B26A374AA}.Debug|Any CPU.Deploy.0 = Debug|x86
		{2EE8721A-C6AC-47E3-834B-970B26A374AA}.Debug|ARM.ActiveCfg = Debug|ARM
		{2EE8721A-C6AC-47E3-834B-970B26A374AA}.Debug|ARM.Build.0 = Debug|ARM
		{2EE8721A-C6AC-47E3-834B-970B26A374AA}.Debug|ARM.Deploy.0 = Debug|ARM
		{2EE8721A-C6AC-47E3-834B-970B26A374AA}.Debug|iPhone.ActiveCfg = Debug|x86
		{2EE8721A-C6AC-47E3-834B-970B26A374AA}.Debug|iPhone.Build.0 = Debug|x86
		{2EE8721A-C6AC-47E3-834B-970B26A374AA}.Debug|iPhone.Deploy.0 = Debug|x86
		{2EE8721A-C6AC-47E3-834B-970B26A374AA}.Debug|iPhoneSimulator.ActiveCfg = Debug|x86
		{2EE8721A-C6AC-47E3-834B-970B26A374AA}.Debug|iPhoneSimulator.Build.0 = Debug|x86
		{2EE8721A-C6AC-47E3-834B-970B26A374AA}.Debug|iPhoneSimulator.Deploy.0 = Debug|x86
		{2EE8721A-C6AC-47E3-834B-970B26A374AA}.Debug|x64.ActiveCfg = Debug|x64
		{2EE8721A-C6AC-47E3-834B-970B26A374AA}.Debug|x64.Build.0 = Debug|x64
		{2EE8721A-C6AC-47E3-834B-970B26A374AA}.Debug|x64.Deploy.0 = Debug|x64
		{2EE8721A-C6AC-47E3-834B-970B26A374AA}.Debug|x86.ActiveCfg = Debug|x86
		{2EE8721A-C6AC-47E3-834B-970B26A374AA}.Debug|x86.Build.0 = Debug|x86
		{2EE8721A-C6AC-47E3-834B-970B26A374AA}.Debug|x86.Deploy.0 = Debug|x86
		{2EE8721A-C6AC-47E3-834B-970B26A374AA}.Release|Any CPU.ActiveCfg = Release|x86
		{2EE8721A-C6AC-47E3-834B-970B26A374AA}.Release|Any CPU.Build.0 = Release|x86
		{2EE8721A-C6AC-47E3-834B-970B26A374AA}.Release|Any CPU.Deploy.0 = Release|x86
		{2EE8721A-C6AC-47E3-834B-970B26A374AA}.Release|ARM.ActiveCfg = Release|ARM
		{2EE8721A-C6AC-47E3-834B-970B26A374AA}.Release|ARM.Build.0 = Release|ARM
		{2EE8721A-C6AC-47E3-834B-970B26A374AA}.Release|ARM.Deploy.0 = Release|ARM
		{2EE8721A-C6AC-47E3-834B-970B26A374AA}.Release|iPhone.ActiveCfg = Release|x86
		{2EE8721A-C6AC-47E3-834B-970B26A374AA}.Release|iPhone.Build.0 = Release|x86
		{2EE8721A-C6AC-47E3-834B-970B26A374AA}.Release|iPhone.Deploy.0 = Release|x86
		{2EE8721A-C6AC-47E3-834B-970B26A374AA}.Release|iPhoneSimulator.ActiveCfg = Release|x86
		{2EE8721A-C6AC-47E3-834B-970B26A374AA}.Release|iPhoneSimulator.Build.0 = Release|x86
		{2EE8721A-C6AC-47E3-834B-970B26A374AA}.Release|iPhoneSimulator.Deploy.0 = Release|x86
		{2EE8721A-C6AC-47E3-834B-970B26A374AA}.Release|x64.ActiveCfg = Release|x64
		{2EE8721A-C6AC-47E3-834B-970B26A374AA}.Release|x64.Build.0 = Release|x64
		{2EE8721A-C6AC-47E3-834B-970B26A374AA}.Release|x64.Deploy.0 = Release|x64
		{2EE8721A-C6AC-47E3-834B-970B26A374AA}.Release|x86.ActiveCfg = Release|x86
		{2EE8721A-C6AC-47E3-834B-970B26A374AA}.Release|x86.Build.0 = Release|x86
		{2EE8721A-C6AC-47E3-834B-970B26A374AA}.Release|x86.Deploy.0 = Release|x86
		{07DC9509-EB38-4F9D-8ED1-3D874BBCB365}.Ad-Hoc|Any CPU.ActiveCfg = Debug|Any CPU
		{07DC9509-EB38-4F9D-8ED1-3D874BBCB365}.Ad-Hoc|Any CPU.Build.0 = Debug|Any CPU
		{07DC9509-EB38-4F9D-8ED1-3D874BBCB365}.Ad-Hoc|Any CPU.Deploy.0 = Debug|Any CPU
		{07DC9509-EB38-4F9D-8ED1-3D874BBCB365}.Ad-Hoc|ARM.ActiveCfg = Debug|Any CPU
		{07DC9509-EB38-4F9D-8ED1-3D874BBCB365}.Ad-Hoc|ARM.Build.0 = Debug|Any CPU
		{07DC9509-EB38-4F9D-8ED1-3D874BBCB365}.Ad-Hoc|ARM.Deploy.0 = Debug|Any CPU
		{07DC9509-EB38-4F9D-8ED1-3D874BBCB365}.Ad-Hoc|iPhone.ActiveCfg = Debug|Any CPU
		{07DC9509-EB38-4F9D-8ED1-3D874BBCB365}.Ad-Hoc|iPhone.Build.0 = Debug|Any CPU
		{07DC9509-EB38-4F9D-8ED1-3D874BBCB365}.Ad-Hoc|iPhone.Deploy.0 = Debug|Any CPU
		{07DC9509-EB38-4F9D-8ED1-3D874BBCB365}.Ad-Hoc|iPhoneSimulator.ActiveCfg = Debug|Any CPU
		{07DC9509-EB38-4F9D-8ED1-3D874BBCB365}.Ad-Hoc|iPhoneSimulator.Build.0 = Debug|Any CPU
		{07DC9509-EB38-4F9D-8ED1-3D874BBCB365}.Ad-Hoc|iPhoneSimulator.Deploy.0 = Debug|Any CPU
		{07DC9509-EB38-4F9D-8ED1-3D874BBCB365}.Ad-Hoc|x64.ActiveCfg = Debug|Any CPU
		{07DC9509-EB38-4F9D-8ED1-3D874BBCB365}.Ad-Hoc|x64.Build.0 = Debug|Any CPU
		{07DC9509-EB38-4F9D-8ED1-3D874BBCB365}.Ad-Hoc|x64.Deploy.0 = Debug|Any CPU
		{07DC9509-EB38-4F9D-8ED1-3D874BBCB365}.Ad-Hoc|x86.ActiveCfg = Debug|Any CPU
		{07DC9509-EB38-4F9D-8ED1-3D874BBCB365}.Ad-Hoc|x86.Build.0 = Debug|Any CPU
		{07DC9509-EB38-4F9D-8ED1-3D874BBCB365}.Ad-Hoc|x86.Deploy.0 = Debug|Any CPU
		{07DC9509-EB38-4F9D-8ED1-3D874BBCB365}.AppStore|Any CPU.ActiveCfg = Debug|Any CPU
		{07DC9509-EB38-4F9D-8ED1-3D874BBCB365}.AppStore|Any CPU.Build.0 = Debug|Any CPU
		{07DC9509-EB38-4F9D-8ED1-3D874BBCB365}.AppStore|Any CPU.Deploy.0 = Debug|Any CPU
		{07DC9509-EB38-4F9D-8ED1-3D874BBCB365}.AppStore|ARM.ActiveCfg = Debug|Any CPU
		{07DC9509-EB38-4F9D-8ED1-3D874BBCB365}.AppStore|ARM.Build.0 = Debug|Any CPU
		{07DC9509-EB38-4F9D-8ED1-3D874BBCB365}.AppStore|ARM.Deploy.0 = Debug|Any CPU
		{07DC9509-EB38-4F9D-8ED1-3D874BBCB365}.AppStore|iPhone.ActiveCfg = Debug|Any CPU
		{07DC9509-EB38-4F9D-8ED1-3D874BBCB365}.AppStore|iPhone.Build.0 = Debug|Any CPU
		{07DC9509-EB38-4F9D-8ED1-3D874BBCB365}.AppStore|iPhone.Deploy.0 = Debug|Any CPU
		{07DC9509-EB38-4F9D-8ED1-3D874BBCB365}.AppStore|iPhoneSimulator.ActiveCfg = Debug|Any CPU
		{07DC9509-EB38-4F9D-8ED1-3D874BBCB365}.AppStore|iPhoneSimulator.Build.0 = Debug|Any CPU
		{07DC9509-EB38-4F9D-8ED1-3D874BBCB365}.AppStore|iPhoneSimulator.Deploy.0 = Debug|Any CPU
		{07DC9509-EB38-4F9D-8ED1-3D874BBCB365}.AppStore|x64.ActiveCfg = Debug|Any CPU
		{07DC9509-EB38-4F9D-8ED1-3D874BBCB365}.AppStore|x64.Build.0 = Debug|Any CPU
		{07DC9509-EB38-4F9D-8ED1-3D874BBCB365}.AppStore|x64.Deploy.0 = Debug|Any CPU
		{07DC9509-EB38-4F9D-8ED1-3D874BBCB365}.AppStore|x86.ActiveCfg = Debug|Any CPU
		{07DC9509-EB38-4F9D-8ED1-3D874BBCB365}.AppStore|x86.Build.0 = Debug|Any CPU
		{07DC9509-EB38-4F9D-8ED1-3D874BBCB365}.AppStore|x86.Deploy.0 = Debug|Any CPU
		{07DC9509-EB38-4F9D-8ED1-3D874BBCB365}.Debug|Any CPU.ActiveCfg = Debug|Any CPU
		{07DC9509-EB38-4F9D-8ED1-3D874BBCB365}.Debug|Any CPU.Build.0 = Debug|Any CPU
		{07DC9509-EB38-4F9D-8ED1-3D874BBCB365}.Debug|Any CPU.Deploy.0 = Debug|Any CPU
		{07DC9509-EB38-4F9D-8ED1-3D874BBCB365}.Debug|ARM.ActiveCfg = Debug|Any CPU
		{07DC9509-EB38-4F9D-8ED1-3D874BBCB365}.Debug|ARM.Build.0 = Debug|Any CPU
		{07DC9509-EB38-4F9D-8ED1-3D874BBCB365}.Debug|ARM.Deploy.0 = Debug|Any CPU
		{07DC9509-EB38-4F9D-8ED1-3D874BBCB365}.Debug|iPhone.ActiveCfg = Debug|Any CPU
		{07DC9509-EB38-4F9D-8ED1-3D874BBCB365}.Debug|iPhone.Build.0 = Debug|Any CPU
		{07DC9509-EB38-4F9D-8ED1-3D874BBCB365}.Debug|iPhone.Deploy.0 = Debug|Any CPU
		{07DC9509-EB38-4F9D-8ED1-3D874BBCB365}.Debug|iPhoneSimulator.ActiveCfg = Debug|Any CPU
		{07DC9509-EB38-4F9D-8ED1-3D874BBCB365}.Debug|iPhoneSimulator.Build.0 = Debug|Any CPU
		{07DC9509-EB38-4F9D-8ED1-3D874BBCB365}.Debug|iPhoneSimulator.Deploy.0 = Debug|Any CPU
		{07DC9509-EB38-4F9D-8ED1-3D874BBCB365}.Debug|x64.ActiveCfg = Debug|Any CPU
		{07DC9509-EB38-4F9D-8ED1-3D874BBCB365}.Debug|x64.Build.0 = Debug|Any CPU
		{07DC9509-EB38-4F9D-8ED1-3D874BBCB365}.Debug|x64.Deploy.0 = Debug|Any CPU
		{07DC9509-EB38-4F9D-8ED1-3D874BBCB365}.Debug|x86.ActiveCfg = Debug|Any CPU
		{07DC9509-EB38-4F9D-8ED1-3D874BBCB365}.Debug|x86.Build.0 = Debug|Any CPU
		{07DC9509-EB38-4F9D-8ED1-3D874BBCB365}.Debug|x86.Deploy.0 = Debug|Any CPU
		{07DC9509-EB38-4F9D-8ED1-3D874BBCB365}.Release|Any CPU.ActiveCfg = Release|Any CPU
		{07DC9509-EB38-4F9D-8ED1-3D874BBCB365}.Release|Any CPU.Build.0 = Release|Any CPU
		{07DC9509-EB38-4F9D-8ED1-3D874BBCB365}.Release|Any CPU.Deploy.0 = Release|Any CPU
		{07DC9509-EB38-4F9D-8ED1-3D874BBCB365}.Release|ARM.ActiveCfg = Release|Any CPU
		{07DC9509-EB38-4F9D-8ED1-3D874BBCB365}.Release|ARM.Build.0 = Release|Any CPU
		{07DC9509-EB38-4F9D-8ED1-3D874BBCB365}.Release|ARM.Deploy.0 = Release|Any CPU
		{07DC9509-EB38-4F9D-8ED1-3D874BBCB365}.Release|iPhone.ActiveCfg = Release|Any CPU
		{07DC9509-EB38-4F9D-8ED1-3D874BBCB365}.Release|iPhone.Build.0 = Release|Any CPU
		{07DC9509-EB38-4F9D-8ED1-3D874BBCB365}.Release|iPhone.Deploy.0 = Release|Any CPU
		{07DC9509-EB38-4F9D-8ED1-3D874BBCB365}.Release|iPhoneSimulator.ActiveCfg = Release|Any CPU
		{07DC9509-EB38-4F9D-8ED1-3D874BBCB365}.Release|iPhoneSimulator.Build.0 = Release|Any CPU
		{07DC9509-EB38-4F9D-8ED1-3D874BBCB365}.Release|iPhoneSimulator.Deploy.0 = Release|Any CPU
		{07DC9509-EB38-4F9D-8ED1-3D874BBCB365}.Release|x64.ActiveCfg = Release|Any CPU
		{07DC9509-EB38-4F9D-8ED1-3D874BBCB365}.Release|x64.Build.0 = Release|Any CPU
		{07DC9509-EB38-4F9D-8ED1-3D874BBCB365}.Release|x64.Deploy.0 = Release|Any CPU
		{07DC9509-EB38-4F9D-8ED1-3D874BBCB365}.Release|x86.ActiveCfg = Release|Any CPU
		{07DC9509-EB38-4F9D-8ED1-3D874BBCB365}.Release|x86.Build.0 = Release|Any CPU
		{07DC9509-EB38-4F9D-8ED1-3D874BBCB365}.Release|x86.Deploy.0 = Release|Any CPU
	EndGlobalSection
	GlobalSection(SolutionProperties) = preSolution
		HideSolutionNode = FALSE
	EndGlobalSection
	GlobalSection(ExtensibilityGlobals) = postSolution
		SolutionGuid = {5A438C48-03AA-4A73-B702-1F71FC5AFC3E}
	EndGlobalSection
EndGlobal
